
Microsoft Visual Studio Solution File, Format Version 12.00
# Visual Studio 15
VisualStudioVersion = 15.0.26730.16
MinimumVisualStudioVersion = 10.0.40219.1
Project("{FAE04EC0-301F-11D3-BF4B-00C04F79EFBC}") = "program1", "program1\program1.csproj", "{88EF3265-30EA-442F-B10B-B6CD87778FCD}"
EndProject
Project("{FAE04EC0-301F-11D3-BF4B-00C04F79EFBC}") = "UnitTestProject1", "UnitTestProject1\UnitTestProject1.csproj", "{5FF74CE6-0CCE-4EF9-96D5-0740B755E358}"
EndProject
Global
	GlobalSection(SolutionConfigurationPlatforms) = preSolution
		Debug|Any CPU = Debug|Any CPU
		Release|Any CPU = Release|Any CPU
	EndGlobalSection
	GlobalSection(ProjectConfigurationPlatforms) = postSolution
		{88EF3265-30EA-442F-B10B-B6CD87778FCD}.Debug|Any CPU.ActiveCfg = Debug|Any CPU
		{88EF3265-30EA-442F-B10B-B6CD87778FCD}.Debug|Any CPU.Build.0 = Debug|Any CPU
		{88EF3265-30EA-442F-B10B-B6CD87778FCD}.Release|Any CPU.ActiveCfg = Release|Any CPU
		{88EF3265-30EA-442F-B10B-B6CD87778FCD}.Release|Any CPU.Build.0 = Release|Any CPU
		{5FF74CE6-0CCE-4EF9-96D5-0740B755E358}.Debug|Any CPU.ActiveCfg = Debug|Any CPU
		{5FF74CE6-0CCE-4EF9-96D5-0740B755E358}.Debug|Any CPU.Build.0 = Debug|Any CPU
		{5FF74CE6-0CCE-4EF9-96D5-0740B755E358}.Release|Any CPU.ActiveCfg = Release|Any CPU
		{5FF74CE6-0CCE-4EF9-96D5-0740B755E358}.Release|Any CPU.Build.0 = Release|Any CPU
	EndGlobalSection
	GlobalSection(SolutionProperties) = preSolution
		HideSolutionNode = FALSE
	EndGlobalSection
	GlobalSection(ExtensibilityGlobals) = postSolution
		SolutionGuid = {15118ABA-C435-4CAD-BEF4-813F7F7BDCAB}
	EndGlobalSection
EndGlobal
